
Microsoft Visual Studio Solution File, Format Version 12.00
# Visual Studio Version 17
VisualStudioVersion = 17.14.36518.9 d17.14
MinimumVisualStudioVersion = 10.0.40219.1
Project("{FAE04EC0-301F-11D3-BF4B-00C04F79EFBC}") = "Astitva", "Astitva\Astitva\Astitva.csproj", "{70C53539-FB07-451D-B620-A48A50A45990}"
EndProject
Project("{FAE04EC0-301F-11D3-BF4B-00C04F79EFBC}") = "Astitva.Shared", "Astitva\Astitva.Shared\Astitva.Shared.csproj", "{86349B37-1879-4F2F-B417-349DEE310A0F}"
EndProject
Project("{FAE04EC0-301F-11D3-BF4B-00C04F79EFBC}") = "Astitva.Web", "Astitva\Astitva.Web\Astitva.Web.csproj", "{6105F8C3-5EFF-4214-9AC6-A7C200D79693}"
EndProject
Project("{FAE04EC0-301F-11D3-BF4B-00C04F79EFBC}") = "AstitvaLibrary", "AstitvaLibrary\AstitvaLibrary.csproj", "{2A3332DD-7ECB-4523-A483-7DE87E60CE48}"
EndProject
Global
	GlobalSection(SolutionConfigurationPlatforms) = preSolution
		Debug|Any CPU = Debug|Any CPU
		Release|Any CPU = Release|Any CPU
	EndGlobalSection
	GlobalSection(ProjectConfigurationPlatforms) = postSolution
		{70C53539-FB07-451D-B620-A48A50A45990}.Debug|Any CPU.ActiveCfg = Debug|Any CPU
		{70C53539-FB07-451D-B620-A48A50A45990}.Debug|Any CPU.Build.0 = Debug|Any CPU
		{70C53539-FB07-451D-B620-A48A50A45990}.Debug|Any CPU.Deploy.0 = Debug|Any CPU
		{70C53539-FB07-451D-B620-A48A50A45990}.Release|Any CPU.ActiveCfg = Release|Any CPU
		{70C53539-FB07-451D-B620-A48A50A45990}.Release|Any CPU.Build.0 = Release|Any CPU
		{86349B37-1879-4F2F-B417-349DEE310A0F}.Debug|Any CPU.ActiveCfg = Debug|Any CPU
		{86349B37-1879-4F2F-B417-349DEE310A0F}.Debug|Any CPU.Build.0 = Debug|Any CPU
		{86349B37-1879-4F2F-B417-349DEE310A0F}.Release|Any CPU.ActiveCfg = Release|Any CPU
		{86349B37-1879-4F2F-B417-349DEE310A0F}.Release|Any CPU.Build.0 = Release|Any CPU
		{6105F8C3-5EFF-4214-9AC6-A7C200D79693}.Debug|Any CPU.ActiveCfg = Debug|Any CPU
		{6105F8C3-5EFF-4214-9AC6-A7C200D79693}.Debug|Any CPU.Build.0 = Debug|Any CPU
		{6105F8C3-5EFF-4214-9AC6-A7C200D79693}.Release|Any CPU.ActiveCfg = Release|Any CPU
		{6105F8C3-5EFF-4214-9AC6-A7C200D79693}.Release|Any CPU.Build.0 = Release|Any CPU
		{2A3332DD-7ECB-4523-A483-7DE87E60CE48}.Debug|Any CPU.ActiveCfg = Debug|Any CPU
		{2A3332DD-7ECB-4523-A483-7DE87E60CE48}.Debug|Any CPU.Build.0 = Debug|Any CPU
		{2A3332DD-7ECB-4523-A483-7DE87E60CE48}.Release|Any CPU.ActiveCfg = Release|Any CPU
		{2A3332DD-7ECB-4523-A483-7DE87E60CE48}.Release|Any CPU.Build.0 = Release|Any CPU
	EndGlobalSection
	GlobalSection(SolutionProperties) = preSolution
		HideSolutionNode = FALSE
	EndGlobalSection
	GlobalSection(ExtensibilityGlobals) = postSolution
		SolutionGuid = {C03A576C-2214-4021-BF76-D1B0D191F613}
	EndGlobalSection
EndGlobal
